
Microsoft Visual Studio Solution File, Format Version 12.00
# Visual Studio Version 16
VisualStudioVersion = 16.0.30011.22
MinimumVisualStudioVersion = 10.0.40219.1
Project("{9A19103F-16F7-4668-BE54-9A1E7A4F7556}") = "BlazorMenu", "BlazorMenu.csproj", "{D6DBECA3-498F-43B4-BA47-68AA43CF3409}"
EndProject
Global
	GlobalSection(SolutionConfigurationPlatforms) = preSolution
		Debug|Any CPU = Debug|Any CPU
		Release|Any CPU = Release|Any CPU
	EndGlobalSection
	GlobalSection(ProjectConfigurationPlatforms) = postSolution
		{D6DBECA3-498F-43B4-BA47-68AA43CF3409}.Debug|Any CPU.ActiveCfg = Debug|Any CPU
		{D6DBECA3-498F-43B4-BA47-68AA43CF3409}.Debug|Any CPU.Build.0 = Debug|Any CPU
		{D6DBECA3-498F-43B4-BA47-68AA43CF3409}.Release|Any CPU.ActiveCfg = Release|Any CPU
		{D6DBECA3-498F-43B4-BA47-68AA43CF3409}.Release|Any CPU.Build.0 = Release|Any CPU
	EndGlobalSection
	GlobalSection(SolutionProperties) = preSolution
		HideSolutionNode = FALSE
	EndGlobalSection
	GlobalSection(ExtensibilityGlobals) = postSolution
		SolutionGuid = {05114DBD-B4D8-43A1-AC75-9BE72FEC8762}
	EndGlobalSection
EndGlobal
